// !$*UTF8*$!
{
	archiveVersion = 1;
	classes = {
	};
	objectVersion = 48;
	objects = {

/* Begin PBXBuildFile section */
		D4E9451D1FB6242000D96D8B /* AppDelegate.swift in Sources */ = {isa = PBXBuildFile; fileRef = D4E9451C1FB6242000D96D8B /* AppDelegate.swift */; };
		D4E945221FB6242000D96D8B /* Main.storyboard in Resources */ = {isa = PBXBuildFile; fileRef = D4E945201FB6242000D96D8B /* Main.storyboard */; };
		D4E945241FB6242000D96D8B /* Assets.xcassets in Resources */ = {isa = PBXBuildFile; fileRef = D4E945231FB6242000D96D8B /* Assets.xcassets */; };
		D4E945271FB6242000D96D8B /* LaunchScreen.storyboard in Resources */ = {isa = PBXBuildFile; fileRef = D4E945251FB6242000D96D8B /* LaunchScreen.storyboard */; };
		D4E9452F1FB62DC100D96D8B /* ConverterViewController.swift in Sources */ = {isa = PBXBuildFile; fileRef = D4E9452E1FB62DC100D96D8B /* ConverterViewController.swift */; };
		D4E945311FB6308600D96D8B /* Converter.swift in Sources */ = {isa = PBXBuildFile; fileRef = D4E945301FB6308600D96D8B /* Converter.swift */; };
/* End PBXBuildFile section */

/* Begin PBXFileReference section */
		D4E9451C1FB6242000D96D8B /* AppDelegate.swift */ = {isa = PBXFileReference; lastKnownFileType = sourcecode.swift; path = AppDelegate.swift; sourceTree = "<group>"; };
		D4E945211FB6242000D96D8B /* Base */ = {isa = PBXFileReference; lastKnownFileType = file.storyboard; name = Base; path = Base.lproj/Main.storyboard; sourceTree = "<group>"; };
		D4E945231FB6242000D96D8B /* Assets.xcassets */ = {isa = PBXFileReference; lastKnownFileType = folder.assetcatalog; path = Assets.xcassets; sourceTree = "<group>"; };
		D4E945261FB6242000D96D8B /* Base */ = {isa = PBXFileReference; lastKnownFileType = file.storyboard; name = Base; path = Base.lproj/LaunchScreen.storyboard; sourceTree = "<group>"; };
		D4E945281FB6242000D96D8B /* Info.plist */ = {isa = PBXFileReference; lastKnownFileType = text.plist.xml; path = Info.plist; sourceTree = "<group>"; };
		D4E9452E1FB62DC100D96D8B /* ConverterViewController.swift */ = {isa = PBXFileReference; lastKnownFileType = sourcecode.swift; path = ConverterViewController.swift; sourceTree = "<group>"; };
		D4E945301FB6308600D96D8B /* Converter.swift */ = {isa = PBXFileReference; lastKnownFileType = sourcecode.swift; path = Converter.swift; sourceTree = "<group>"; };
		F2A57A241FDF514100AA6281 /* Conversion Calculator Final.app */ = {isa = PBXFileReference; explicitFileType = wrapper.application; includeInIndex = 0; path = "Conversion Calculator Final.app"; sourceTree = BUILT_PRODUCTS_DIR; };
/* End PBXFileReference section */

/* Begin PBXFrameworksBuildPhase section */
		D4E945161FB6242000D96D8B /* Frameworks */ = {
			isa = PBXFrameworksBuildPhase;
			buildActionMask = 2147483647;
			files = (
			);
			runOnlyForDeploymentPostprocessing = 0;
		};
/* End PBXFrameworksBuildPhase section */

/* Begin PBXGroup section */
		D4E945101FB6242000D96D8B = {
			isa = PBXGroup;
			children = (
				D4E9451B1FB6242000D96D8B /* Conversion Calculator Final */,
				F2A57A241FDF514100AA6281 /* Conversion Calculator Final.app */,
			);
			sourceTree = "<group>";
		};
		D4E9451B1FB6242000D96D8B /* Conversion Calculator Final */ = {
			isa = PBXGroup;
			children = (
				D4E945301FB6308600D96D8B /* Converter.swift */,
				D4E9452E1FB62DC100D96D8B /* ConverterViewController.swift */,
				D4E9451C1FB6242000D96D8B /* AppDelegate.swift */,
				D4E945201FB6242000D96D8B /* Main.storyboard */,
				D4E945231FB6242000D96D8B /* Assets.xcassets */,
				D4E945251FB6242000D96D8B /* LaunchScreen.storyboard */,
				D4E945281FB6242000D96D8B /* Info.plist */,
			);
			path = "Conversion Calculator Final";
			sourceTree = "<group>";
		};
/* End PBXGroup section */

/* Begin PBXNativeTarget section */
		D4E945181FB6242000D96D8B /* Conversion Calculator Final */ = {
			isa = PBXNativeTarget;
			buildConfigurationList = D4E9452B1FB6242000D96D8B /* Build configuration list for PBXNativeTarget "Conversion Calculator Final" */;
			buildPhases = (
				D4E945151FB6242000D96D8B /* Sources */,
				D4E945161FB6242000D96D8B /* Frameworks */,
				D4E945171FB6242000D96D8B /* Resources */,
			);
			buildRules = (
			);
			dependencies = (
			);
			name = "Conversion Calculator Final";
			productName = "Conversion-Calculator";
			productReference = F2A57A241FDF514100AA6281 /* Conversion Calculator Final.app */;
			productType = "com.apple.product-type.application";
		};
/* End PBXNativeTarget section */

/* Begin PBXProject section */
		D4E945111FB6242000D96D8B /* Project object */ = {
			isa = PBXProject;
			attributes = {
				LastSwiftUpdateCheck = 0910;
				LastUpgradeCheck = 0910;
				ORGANIZATIONNAME = "Sean Buchholz";
				TargetAttributes = {
					D4E945181FB6242000D96D8B = {
						CreatedOnToolsVersion = 9.1;
						ProvisioningStyle = Automatic;
					};
				};
			};
			buildConfigurationList = D4E945141FB6242000D96D8B /* Build configuration list for PBXProject "Conversion Calculator Final" */;
			compatibilityVersion = "Xcode 8.0";
			developmentRegion = en;
			hasScannedForEncodings = 0;
			knownRegions = (
				en,
				Base,
			);
			mainGroup = D4E945101FB6242000D96D8B;
			productRefGroup = D4E945101FB6242000D96D8B;
			projectDirPath = "";
			projectRoot = "";
			targets = (
				D4E945181FB6242000D96D8B /* Conversion Calculator Final */,
			);
		};
/* End PBXProject section */

/* Begin PBXResourcesBuildPhase section */
		D4E945171FB6242000D96D8B /* Resources */ = {
			isa = PBXResourcesBuildPhase;
			buildActionMask = 2147483647;
			files = (
				D4E945271FB6242000D96D8B /* LaunchScreen.storyboard in Resources */,
				D4E945241FB6242000D96D8B /* Assets.xcassets in Resources */,
				D4E945221FB6242000D96D8B /* Main.storyboard in Resources */,
			);
			runOnlyForDeploymentPostprocessing = 0;
		};
/* End PBXResourcesBuildPhase section */

/* Begin PBXSourcesBuildPhase section */
		D4E945151FB6242000D96D8B /* Sources */ = {
			isa = PBXSourcesBuildPhase;
			buildActionMask = 2147483647;
			files = (
				D4E9451D1FB6242000D96D8B /* AppDelegate.swift in Sources */,
				D4E945311FB6308600D96D8B /* Converter.swift in Sources */,
				D4E9452F1FB62DC100D96D8B /* ConverterViewController.swift in Sources */,
			);
			runOnlyForDeploymentPostprocessing = 0;
		};
/* End PBXSourcesBuildPhase section */

/* Begin PBXVariantGroup section */
		D4E945201FB6242000D96D8B /* Main.storyboard */ = {
			isa = PBXVariantGroup;
			children = (
				D4E945211FB6242000D96D8B /* Base */,
			);
			name = Main.storyboard;
			sourceTree = "<group>";
		};
		D4E945251FB6242000D96D8B /* LaunchScreen.storyboard */ = {
			isa = PBXVariantGroup;
			children = (
				D4E945261FB6242000D96D8B /* Base */,
			);
			name = LaunchScreen.storyboard;
			sourceTree = "<group>";
		};
/* End PBXVariantGroup section */

/* Begin XCBuildConfiguration section */
		D4E945291FB6242000D96D8B /* Debug */ = {
			isa = XCBuildConfiguration;
			buildSettings = {
				ALWAYS_SEARCH_USER_PATHS = NO;
				CLANG_ANALYZER_NONNULL = YES;
				CLANG_ANALYZER_NUMBER_OBJECT_CONVERSION = YES_AGGRESSIVE;
				CLANG_CXX_LANGUAGE_STANDARD = "gnu++14";
				CLANG_CXX_LIBRARY = "libc++";
				CLANG_ENABLE_MODULES = YES;
				CLANG_ENABLE_OBJC_ARC = YES;
				CLANG_WARN_BLOCK_CAPTURE_AUTORELEASING = YES;
				CLANG_WARN_BOOL_CONVERSION = YES;
				CLANG_WARN_COMMA = YES;
				CLANG_WARN_CONSTANT_CONVERSION = YES;
				CLANG_WARN_DIRECT_OBJC_ISA_USAGE = YES_ERROR;
				CLANG_WARN_DOCUMENTATION_COMMENTS = YES;
				CLANG_WARN_EMPTY_BODY = YES;
				CLANG_WARN_ENUM_CONVERSION = YES;
				CLANG_WARN_INFINITE_RECURSION = YES;
				CLANG_WARN_INT_CONVERSION = YES;
				CLANG_WARN_NON_LITERAL_NULL_CONVERSION = YES;
				CLANG_WARN_OBJC_LITERAL_CONVERSION = YES;
				CLANG_WARN_OBJC_ROOT_CLASS = YES_ERROR;
				CLANG_WARN_RANGE_LOOP_ANALYSIS = YES;
				CLANG_WARN_STRICT_PROTOTYPES = YES;
				CLANG_WARN_SUSPICIOUS_MOVE = YES;
				CLANG_WARN_UNGUARDED_AVAILABILITY = YES_AGGRESSIVE;
				CLANG_WARN_UNREACHABLE_CODE = YES;
				CLANG_WARN__DUPLICATE_METHOD_MATCH = YES;
				CODE_SIGN_IDENTITY = "iPhone Developer";
				COPY_PHASE_STRIP = NO;
				DEBUG_INFORMATION_FORMAT = dwarf;
				ENABLE_STRICT_OBJC_MSGSEND = YES;
				ENABLE_TESTABILITY = YES;
				GCC_C_LANGUAGE_STANDARD = gnu11;
				GCC_DYNAMIC_NO_PIC = NO;
				GCC_NO_COMMON_BLOCKS = YES;
				GCC_OPTIMIZATION_LEVEL = 0;
				GCC_PREPROCESSOR_DEFINITIONS = (
					"DEBUG=1",
					"$(inherited)",
				);
				GCC_WARN_64_TO_32_BIT_CONVERSION = YES;
				GCC_WARN_ABOUT_RETURN_TYPE = YES_ERROR;
				GCC_WARN_UNDECLARED_SELECTOR = YES;
				GCC_WARN_UNINITIALIZED_AUTOS = YES_AGGRESSIVE;
				GCC_WARN_UNUSED_FUNCTION = YES;
				GCC_WARN_UNUSED_VARIABLE = YES;
				IPHONEOS_DEPLOYMENT_TARGET = 11.1;
				MTL_ENABLE_DEBUG_INFO = YES;
				ONLY_ACTIVE_ARCH = YES;
				SDKROOT = iphoneos;
				SWIFT_ACTIVE_COMPILATION_CONDITIONS = DEBUG;
				SWIFT_OPTIMIZATION_LEVEL = "-Onone";
			};
			name = Debug;
		};
		D4E9452A1FB6242000D96D8B /* Release */ = {
			isa = XCBuildConfiguration;
			buildSettings = {
				ALWAYS_SEARCH_USER_PATHS = NO;
				CLANG_ANALYZER_NONNULL = YES;
				CLANG_ANALYZER_NUMBER_OBJECT_CONVERSION = YES_AGGRESSIVE;
				CLANG_CXX_LANGUAGE_STANDARD = "gnu++14";
				CLANG_CXX_LIBRARY = "libc++";
				CLANG_ENABLE_MODULES = YES;
				CLANG_ENABLE_OBJC_ARC = YES;
				CLANG_WARN_BLOCK_CAPTURE_AUTORELEASING = YES;
				CLANG_WARN_BOOL_CONVERSION = YES;
				CLANG_WARN_COMMA = YES;
				CLANG_WARN_CONSTANT_CONVERSION = YES;
				CLANG_WARN_DIRECT_OBJC_ISA_USAGE = YES_ERROR;
				CLANG_WARN_DOCUMENTATION_COMMENTS = YES;
				CLANG_WARN_EMPTY_BODY = YES;
				CLANG_WARN_ENUM_CONVERSION = YES;
				CLANG_WARN_INFINITE_RECURSION = YES;
				CLANG_WARN_INT_CONVERSION = YES;
				CLANG_WARN_NON_LITERAL_NULL_CONVERSION = YES;
				CLANG_WARN_OBJC_LITERAL_CONVERSION = YES;
				CLANG_WARN_OBJC_ROOT_CLASS = YES_ERROR;
				CLANG_WARN_RANGE_LOOP_ANALYSIS = YES;
				CLANG_WARN_STRICT_PROTOTYPES = YES;
				CLANG_WARN_SUSPICIOUS_MOVE = YES;
				CLANG_WARN_UNGUARDED_AVAILABILITY = YES_AGGRESSIVE;
				CLANG_WARN_UNREACHABLE_CODE = YES;
				CLANG_WARN__DUPLICATE_METHOD_MATCH = YES;
				CODE_SIGN_IDENTITY = "iPhone Developer";
				COPY_PHASE_STRIP = NO;
				DEBUG_INFORMATION_FORMAT = "dwarf-with-dsym";
				ENABLE_NS_ASSERTIONS = NO;
				ENABLE_STRICT_OBJC_MSGSEND = YES;
				GCC_C_LANGUAGE_STANDARD = gnu11;
				GCC_NO_COMMON_BLOCKS = YES;
				GCC_WARN_64_TO_32_BIT_CONVERSION = YES;
				GCC_WARN_ABOUT_RETURN_TYPE = YES_ERROR;
				GCC_WARN_UNDECLARED_SELECTOR = YES;
				GCC_WARN_UNINITIALIZED_AUTOS = YES_AGGRESSIVE;
				GCC_WARN_UNUSED_FUNCTION = YES;
				GCC_WARN_UNUSED_VARIABLE = YES;
				IPHONEOS_DEPLOYMENT_TARGET = 11.1;
				MTL_ENABLE_DEBUG_INFO = NO;
				SDKROOT = iphoneos;
				SWIFT_OPTIMIZATION_LEVEL = "-Owholemodule";
				VALIDATE_PRODUCT = YES;
			};
			name = Release;
		};
		D4E9452C1FB6242000D96D8B /* Debug */ = {
			isa = XCBuildConfiguration;
			buildSettings = {
				ASSETCATALOG_COMPILER_APPICON_NAME = AppIcon;
				CODE_SIGN_STYLE = Automatic;
				DEVELOPMENT_TEAM = UT8J2D8AZM;
				INFOPLIST_FILE = "$(SRCROOT)/Conversion Calculator Final/Info.plist";
				LD_RUNPATH_SEARCH_PATHS = "$(inherited) @executable_path/Frameworks";
				PRODUCT_BUNDLE_IDENTIFIER = "seanbuchholz.Conversion-Calculator-Final";
				PRODUCT_NAME = "$(TARGET_NAME)";
				SWIFT_VERSION = 4.0;
				TARGETED_DEVICE_FAMILY = "1,2";
			};
			name = Debug;
		};
		D4E9452D1FB6242000D96D8B /* Release */ = {
			isa = XCBuildConfiguration;
			buildSettings = {
				ASSETCATALOG_COMPILER_APPICON_NAME = AppIcon;
				CODE_SIGN_STYLE = Automatic;
				DEVELOPMENT_TEAM = UT8J2D8AZM;
				INFOPLIST_FILE = "$(SRCROOT)/Conversion Calculator Final/Info.plist";
				LD_RUNPATH_SEARCH_PATHS = "$(inherited) @executable_path/Frameworks";
				PRODUCT_BUNDLE_IDENTIFIER = "seanbuchholz.Conversion-Calculator-Final";
				PRODUCT_NAME = "$(TARGET_NAME)";
				SWIFT_VERSION = 4.0;
				TARGETED_DEVICE_FAMILY = "1,2";
			};
			name = Release;
		};
/* End XCBuildConfiguration section */

/* Begin XCConfigurationList section */
		D4E945141FB6242000D96D8B /* Build configuration list for PBXProject "Conversion Calculator Final" */ = {
			isa = XCConfigurationList;
			buildConfigurations = (
				D4E945291FB6242000D96D8B /* Debug */,
				D4E9452A1FB6242000D96D8B /* Release */,
			);
			defaultConfigurationIsVisible = 0;
			defaultConfigurationName = Release;
		};
		D4E9452B1FB6242000D96D8B /* Build configuration list for PBXNativeTarget "Conversion Calculator Final" */ = {
			isa = XCConfigurationList;
			buildConfigurations = (
				D4E9452C1FB6242000D96D8B /* Debug */,
				D4E9452D1FB6242000D96D8B /* Release */,
			);
			defaultConfigurationIsVisible = 0;
			defaultConfigurationName = Release;
		};
/* End XCConfigurationList section */
	};
	rootObject = D4E945111FB6242000D96D8B /* Project object */;
}
